homebrew/brew refs/tags/4.0.21
homebrew/install 716a1d024f32890ef75ea82c18a769abc24e9475
homebrew/homebrew-core 5ec0cab6a75db1d5ef96d8cd53abeab8e1311e71
homebrew/homebrew-cask 30ff19a9af43dc7dc86c84a0bd1a94e53a266bb7
ysoftwareab/homebrew-tap refs/heads/master
homebrew/homebrew-command-not-found refs/heads/master
